
Microsoft Visual Studio Solution File, Format Version 12.00
# Visual Studio Version 17
VisualStudioVersion = 17.0.31912.275
MinimumVisualStudioVersion = 10.0.40219.1
Project("{FAE04EC0-301F-11D3-BF4B-00C04F79EFBC}") = "JourneyMicroservice", "JourneyMicroservice\JourneyMicroservice.csproj", "{540D6BE1-3511-4A29-A064-A59C68380855}"
EndProject
Project("{FAE04EC0-301F-11D3-BF4B-00C04F79EFBC}") = "JourneyMicroservice.ApplicationService", "JourneyMicroservice.ApplicationService\JourneyMicroservice.ApplicationService.csproj", "{D9C325C3-EBF1-41F3-8E7B-94E8CC6C3192}"
EndProject
Project("{FAE04EC0-301F-11D3-BF4B-00C04F79EFBC}") = "JourneyMicroservice.Core", "JourneyMicroservice.Core\JourneyMicroservice.Core.csproj", "{C8572710-3926-4F24-A450-BC6627226EB5}"
EndProject
Project("{FAE04EC0-301F-11D3-BF4B-00C04F79EFBC}") = "JourneyMicroservice.DataAccess", "JourneyMicroservice.DataAccess\JourneyMicroservice.DataAccess.csproj", "{DAB0DA62-0DE8-4B36-9D88-7090ECA1E901}"
EndProject
Global
	GlobalSection(SolutionConfigurationPlatforms) = preSolution
		Debug|Any CPU = Debug|Any CPU
		Release|Any CPU = Release|Any CPU
	EndGlobalSection
	GlobalSection(ProjectConfigurationPlatforms) = postSolution
		{540D6BE1-3511-4A29-A064-A59C68380855}.Debug|Any CPU.ActiveCfg = Debug|Any CPU
		{540D6BE1-3511-4A29-A064-A59C68380855}.Debug|Any CPU.Build.0 = Debug|Any CPU
		{540D6BE1-3511-4A29-A064-A59C68380855}.Release|Any CPU.ActiveCfg = Release|Any CPU
		{540D6BE1-3511-4A29-A064-A59C68380855}.Release|Any CPU.Build.0 = Release|Any CPU
		{D9C325C3-EBF1-41F3-8E7B-94E8CC6C3192}.Debug|Any CPU.ActiveCfg = Debug|Any CPU
		{D9C325C3-EBF1-41F3-8E7B-94E8CC6C3192}.Debug|Any CPU.Build.0 = Debug|Any CPU
		{D9C325C3-EBF1-41F3-8E7B-94E8CC6C3192}.Release|Any CPU.ActiveCfg = Release|Any CPU
		{D9C325C3-EBF1-41F3-8E7B-94E8CC6C3192}.Release|Any CPU.Build.0 = Release|Any CPU
		{C8572710-3926-4F24-A450-BC6627226EB5}.Debug|Any CPU.ActiveCfg = Debug|Any CPU
		{C8572710-3926-4F24-A450-BC6627226EB5}.Debug|Any CPU.Build.0 = Debug|Any CPU
		{C8572710-3926-4F24-A450-BC6627226EB5}.Release|Any CPU.ActiveCfg = Release|Any CPU
		{C8572710-3926-4F24-A450-BC6627226EB5}.Release|Any CPU.Build.0 = Release|Any CPU
		{DAB0DA62-0DE8-4B36-9D88-7090ECA1E901}.Debug|Any CPU.ActiveCfg = Debug|Any CPU
		{DAB0DA62-0DE8-4B36-9D88-7090ECA1E901}.Debug|Any CPU.Build.0 = Debug|Any CPU
		{DAB0DA62-0DE8-4B36-9D88-7090ECA1E901}.Release|Any CPU.ActiveCfg = Release|Any CPU
		{DAB0DA62-0DE8-4B36-9D88-7090ECA1E901}.Release|Any CPU.Build.0 = Release|Any CPU
	EndGlobalSection
	GlobalSection(SolutionProperties) = preSolution
		HideSolutionNode = FALSE
	EndGlobalSection
	GlobalSection(ExtensibilityGlobals) = postSolution
		SolutionGuid = {4D3E755C-613A-480F-A463-AE02DCEC59E8}
	EndGlobalSection
EndGlobal
